// !$*UTF8*$!
{
	archiveVersion = 1;
	classes = {
	};
	objectVersion = 51;
	objects = {

/* Begin PBXBuildFile section */
		375AF425AD76187CA95C2D9A /* Pods_CYDemoProtobuf_CYDemoProtobufUITests.framework in Frameworks */ = {isa = PBXBuildFile; fileRef = 1EA04E1CBCA2963AE66D6CF7 /* Pods_CYDemoProtobuf_CYDemoProtobufUITests.framework */; };
		3F04E390CCDA862B785A0DFA /* Pods_CYDemoProtobuf.framework in Frameworks */ = {isa = PBXBuildFile; fileRef = 69BD6AEFF4DD3E2854320C8E /* Pods_CYDemoProtobuf.framework */; };
		A855A99E2429A61A000D7165 /* AppDelegate.swift in Sources */ = {isa = PBXBuildFile; fileRef = A855A99D2429A61A000D7165 /* AppDelegate.swift */; };
		A855A9A22429A61A000D7165 /* ViewController.swift in Sources */ = {isa = PBXBuildFile; fileRef = A855A9A12429A61A000D7165 /* ViewController.swift */; };
		A855A9A52429A61A000D7165 /* Main.storyboard in Resources */ = {isa = PBXBuildFile; fileRef = A855A9A32429A61A000D7165 /* Main.storyboard */; };
		A855A9A72429A61C000D7165 /* Assets.xcassets in Resources */ = {isa = PBXBuildFile; fileRef = A855A9A62429A61C000D7165 /* Assets.xcassets */; };
		A855A9AA2429A61C000D7165 /* LaunchScreen.storyboard in Resources */ = {isa = PBXBuildFile; fileRef = A855A9A82429A61C000D7165 /* LaunchScreen.storyboard */; };
		A855A9B52429A61C000D7165 /* CYDemoProtobufTests.swift in Sources */ = {isa = PBXBuildFile; fileRef = A855A9B42429A61C000D7165 /* CYDemoProtobufTests.swift */; };
		A855A9C02429A61C000D7165 /* CYDemoProtobufUITests.swift in Sources */ = {isa = PBXBuildFile; fileRef = A855A9BF2429A61C000D7165 /* CYDemoProtobufUITests.swift */; };
		A855AA192429AF2F000D7165 /* Person.proto in Sources */ = {isa = PBXBuildFile; fileRef = A855AA172429AF2F000D7165 /* Person.proto */; };
		A855AA1A2429AF2F000D7165 /* Person.proto in Sources */ = {isa = PBXBuildFile; fileRef = A855AA172429AF2F000D7165 /* Person.proto */; };
		A855AA1B2429AF2F000D7165 /* Person.proto in Sources */ = {isa = PBXBuildFile; fileRef = A855AA172429AF2F000D7165 /* Person.proto */; };
		A855AA1C2429AF2F000D7165 /* Person.proto.swift in Sources */ = {isa = PBXBuildFile; fileRef = A855AA182429AF2F000D7165 /* Person.proto.swift */; };
		A855AA1D2429AF2F000D7165 /* Person.proto.swift in Sources */ = {isa = PBXBuildFile; fileRef = A855AA182429AF2F000D7165 /* Person.proto.swift */; };
		A855AA1E2429AF2F000D7165 /* Person.proto.swift in Sources */ = {isa = PBXBuildFile; fileRef = A855AA182429AF2F000D7165 /* Person.proto.swift */; };
		B8915976C28BAEE9BA8EA0B7 /* Pods_CYDemoProtobufTests.framework in Frameworks */ = {isa = PBXBuildFile; fileRef = 5B11148D401DDDF551146CC6 /* Pods_CYDemoProtobufTests.framework */; };
/* End PBXBuildFile section */

/* Begin PBXContainerItemProxy section */
		A855A9B12429A61C000D7165 /* PBXContainerItemProxy */ = {
			isa = PBXContainerItemProxy;
			containerPortal = A855A9922429A61A000D7165 /* Project object */;
			proxyType = 1;
			remoteGlobalIDString = A855A9992429A61A000D7165;
			remoteInfo = CYDemoProtobuf;
		};
		A855A9BC2429A61C000D7165 /* PBXContainerItemProxy */ = {
			isa = PBXContainerItemProxy;
			containerPortal = A855A9922429A61A000D7165 /* Project object */;
			proxyType = 1;
			remoteGlobalIDString = A855A9992429A61A000D7165;
			remoteInfo = CYDemoProtobuf;
		};
/* End PBXContainerItemProxy section */

/* Begin PBXFileReference section */
		0D4AE9967F51A1C1992FAD14 /* Pods-CYDemoProtobufTests.release.xcconfig */ = {isa = PBXFileReference; includeInIndex = 1; lastKnownFileType = text.xcconfig; name = "Pods-CYDemoProtobufTests.release.xcconfig"; path = "Target Support Files/Pods-CYDemoProtobufTests/Pods-CYDemoProtobufTests.release.xcconfig"; sourceTree = "<group>"; };
		1783028D5CB52207558E399C /* Pods-CYDemoProtobuf.release.xcconfig */ = {isa = PBXFileReference; includeInIndex = 1; lastKnownFileType = text.xcconfig; name = "Pods-CYDemoProtobuf.release.xcconfig"; path = "Target Support Files/Pods-CYDemoProtobuf/Pods-CYDemoProtobuf.release.xcconfig"; sourceTree = "<group>"; };
		1EA04E1CBCA2963AE66D6CF7 /* Pods_CYDemoProtobuf_CYDemoProtobufUITests.framework */ = {isa = PBXFileReference; explicitFileType = wrapper.framework; includeInIndex = 0; path = Pods_CYDemoProtobuf_CYDemoProtobufUITests.framework; sourceTree = BUILT_PRODUCTS_DIR; };
		5B11148D401DDDF551146CC6 /* Pods_CYDemoProtobufTests.framework */ = {isa = PBXFileReference; explicitFileType = wrapper.framework; includeInIndex = 0; path = Pods_CYDemoProtobufTests.framework; sourceTree = BUILT_PRODUCTS_DIR; };
		69BD6AEFF4DD3E2854320C8E /* Pods_CYDemoProtobuf.framework */ = {isa = PBXFileReference; explicitFileType = wrapper.framework; includeInIndex = 0; path = Pods_CYDemoProtobuf.framework; sourceTree = BUILT_PRODUCTS_DIR; };
		9A77FFC63D1725D123FDA691 /* Pods-CYDemoProtobuf.debug.xcconfig */ = {isa = PBXFileReference; includeInIndex = 1; lastKnownFileType = text.xcconfig; name = "Pods-CYDemoProtobuf.debug.xcconfig"; path = "Target Support Files/Pods-CYDemoProtobuf/Pods-CYDemoProtobuf.debug.xcconfig"; sourceTree = "<group>"; };
		A855A99A2429A61A000D7165 /* CYDemoProtobuf.app */ = {isa = PBXFileReference; explicitFileType = wrapper.application; includeInIndex = 0; path = CYDemoProtobuf.app; sourceTree = BUILT_PRODUCTS_DIR; };
		A855A99D2429A61A000D7165 /* AppDelegate.swift */ = {isa = PBXFileReference; lastKnownFileType = sourcecode.swift; path = AppDelegate.swift; sourceTree = "<group>"; };
		A855A9A12429A61A000D7165 /* ViewController.swift */ = {isa = PBXFileReference; lastKnownFileType = sourcecode.swift; path = ViewController.swift; sourceTree = "<group>"; };
		A855A9A42429A61A000D7165 /* Base */ = {isa = PBXFileReference; lastKnownFileType = file.storyboard; name = Base; path = Base.lproj/Main.storyboard; sourceTree = "<group>"; };
		A855A9A62429A61C000D7165 /* Assets.xcassets */ = {isa = PBXFileReference; lastKnownFileType = folder.assetcatalog; path = Assets.xcassets; sourceTree = "<group>"; };
		A855A9A92429A61C000D7165 /* Base */ = {isa = PBXFileReference; lastKnownFileType = file.storyboard; name = Base; path = Base.lproj/LaunchScreen.storyboard; sourceTree = "<group>"; };
		A855A9AB2429A61C000D7165 /* Info.plist */ = {isa = PBXFileReference; lastKnownFileType = text.plist.xml; path = Info.plist; sourceTree = "<group>"; };
		A855A9B02429A61C000D7165 /* CYDemoProtobufTests.xctest */ = {isa = PBXFileReference; explicitFileType = wrapper.cfbundle; includeInIndex = 0; path = CYDemoProtobufTests.xctest; sourceTree = BUILT_PRODUCTS_DIR; };
		A855A9B42429A61C000D7165 /* CYDemoProtobufTests.swift */ = {isa = PBXFileReference; lastKnownFileType = sourcecode.swift; path = CYDemoProtobufTests.swift; sourceTree = "<group>"; };
		A855A9B62429A61C000D7165 /* Info.plist */ = {isa = PBXFileReference; lastKnownFileType = text.plist.xml; path = Info.plist; sourceTree = "<group>"; };
		A855A9BB2429A61C000D7165 /* CYDemoProtobufUITests.xctest */ = {isa = PBXFileReference; explicitFileType = wrapper.cfbundle; includeInIndex = 0; path = CYDemoProtobufUITests.xctest; sourceTree = BUILT_PRODUCTS_DIR; };
		A855A9BF2429A61C000D7165 /* CYDemoProtobufUITests.swift */ = {isa = PBXFileReference; lastKnownFileType = sourcecode.swift; path = CYDemoProtobufUITests.swift; sourceTree = "<group>"; };
		A855A9C12429A61C000D7165 /* Info.plist */ = {isa = PBXFileReference; lastKnownFileType = text.plist.xml; path = Info.plist; sourceTree = "<group>"; };
		A855AA172429AF2F000D7165 /* Person.proto */ = {isa = PBXFileReference; fileEncoding = 4; lastKnownFileType = sourcecode.protobuf; path = Person.proto; sourceTree = "<group>"; };
		A855AA182429AF2F000D7165 /* Person.proto.swift */ = {isa = PBXFileReference; fileEncoding = 4; lastKnownFileType = sourcecode.swift; path = Person.proto.swift; sourceTree = "<group>"; };
		C0ADBF62AE728838E5D1112D /* Pods-CYDemoProtobufTests.debug.xcconfig */ = {isa = PBXFileReference; includeInIndex = 1; lastKnownFileType = text.xcconfig; name = "Pods-CYDemoProtobufTests.debug.xcconfig"; path = "Target Support Files/Pods-CYDemoProtobufTests/Pods-CYDemoProtobufTests.debug.xcconfig"; sourceTree = "<group>"; };
		DE7D7D7C0AF0657C7249CBEB /* Pods-CYDemoProtobuf-CYDemoProtobufUITests.release.xcconfig */ = {isa = PBXFileReference; includeInIndex = 1; lastKnownFileType = text.xcconfig; name = "Pods-CYDemoProtobuf-CYDemoProtobufUITests.release.xcconfig"; path = "Target Support Files/Pods-CYDemoProtobuf-CYDemoProtobufUITests/Pods-CYDemoProtobuf-CYDemoProtobufUITests.release.xcconfig"; sourceTree = "<group>"; };
		EAB0E70F112D7E2DBA916345 /* Pods-CYDemoProtobuf-CYDemoProtobufUITests.debug.xcconfig */ = {isa = PBXFileReference; includeInIndex = 1; lastKnownFileType = text.xcconfig; name = "Pods-CYDemoProtobuf-CYDemoProtobufUITests.debug.xcconfig"; path = "Target Support Files/Pods-CYDemoProtobuf-CYDemoProtobufUITests/Pods-CYDemoProtobuf-CYDemoProtobufUITests.debug.xcconfig"; sourceTree = "<group>"; };
/* End PBXFileReference section */

/* Begin PBXFrameworksBuildPhase section */
		A855A9972429A61A000D7165 /* Frameworks */ = {
			isa = PBXFrameworksBuildPhase;
			buildActionMask = 2147483647;
			files = (
				3F04E390CCDA862B785A0DFA /* Pods_CYDemoProtobuf.framework in Frameworks */,
			);
			runOnlyForDeploymentPostprocessing = 0;
		};
		A855A9AD2429A61C000D7165 /* Frameworks */ = {
			isa = PBXFrameworksBuildPhase;
			buildActionMask = 2147483647;
			files = (
				B8915976C28BAEE9BA8EA0B7 /* Pods_CYDemoProtobufTests.framework in Frameworks */,
			);
			runOnlyForDeploymentPostprocessing = 0;
		};
		A855A9B82429A61C000D7165 /* Frameworks */ = {
			isa = PBXFrameworksBuildPhase;
			buildActionMask = 2147483647;
			files = (
				375AF425AD76187CA95C2D9A /* Pods_CYDemoProtobuf_CYDemoProtobufUITests.framework in Frameworks */,
			);
			runOnlyForDeploymentPostprocessing = 0;
		};
/* End PBXFrameworksBuildPhase section */

/* Begin PBXGroup section */
		0C7CC00BBAE7A2B79CA98175 /* Pods */ = {
			isa = PBXGroup;
			children = (
				9A77FFC63D1725D123FDA691 /* Pods-CYDemoProtobuf.debug.xcconfig */,
				1783028D5CB52207558E399C /* Pods-CYDemoProtobuf.release.xcconfig */,
				EAB0E70F112D7E2DBA916345 /* Pods-CYDemoProtobuf-CYDemoProtobufUITests.debug.xcconfig */,
				DE7D7D7C0AF0657C7249CBEB /* Pods-CYDemoProtobuf-CYDemoProtobufUITests.release.xcconfig */,
				C0ADBF62AE728838E5D1112D /* Pods-CYDemoProtobufTests.debug.xcconfig */,
				0D4AE9967F51A1C1992FAD14 /* Pods-CYDemoProtobufTests.release.xcconfig */,
			);
			path = Pods;
			sourceTree = "<group>";
		};
		A855A9912429A61A000D7165 = {
			isa = PBXGroup;
			children = (
				A855A99C2429A61A000D7165 /* CYDemoProtobuf */,
				A855A9B32429A61C000D7165 /* CYDemoProtobufTests */,
				A855A9BE2429A61C000D7165 /* CYDemoProtobufUITests */,
				A855A99B2429A61A000D7165 /* Products */,
				0C7CC00BBAE7A2B79CA98175 /* Pods */,
				A9844223BC559E7E41B197A8 /* Frameworks */,
			);
			sourceTree = "<group>";
		};
		A855A99B2429A61A000D7165 /* Products */ = {
			isa = PBXGroup;
			children = (
				A855A99A2429A61A000D7165 /* CYDemoProtobuf.app */,
				A855A9B02429A61C000D7165 /* CYDemoProtobufTests.xctest */,
				A855A9BB2429A61C000D7165 /* CYDemoProtobufUITests.xctest */,
			);
			name = Products;
			sourceTree = "<group>";
		};
		A855A99C2429A61A000D7165 /* CYDemoProtobuf */ = {
			isa = PBXGroup;
			children = (
				A855A99D2429A61A000D7165 /* AppDelegate.swift */,
				A855AA172429AF2F000D7165 /* Person.proto */,
				A855AA182429AF2F000D7165 /* Person.proto.swift */,
				A855A9A12429A61A000D7165 /* ViewController.swift */,
				A855A9A32429A61A000D7165 /* Main.storyboard */,
				A855A9A62429A61C000D7165 /* Assets.xcassets */,
				A855A9A82429A61C000D7165 /* LaunchScreen.storyboard */,
				A855A9AB2429A61C000D7165 /* Info.plist */,
			);
			path = CYDemoProtobuf;
			sourceTree = "<group>";
		};
		A855A9B32429A61C000D7165 /* CYDemoProtobufTests */ = {
			isa = PBXGroup;
			children = (
				A855A9B42429A61C000D7165 /* CYDemoProtobufTests.swift */,
				A855A9B62429A61C000D7165 /* Info.plist */,
			);
			path = CYDemoProtobufTests;
			sourceTree = "<group>";
		};
		A855A9BE2429A61C000D7165 /* CYDemoProtobufUITests */ = {
			isa = PBXGroup;
			children = (
				A855A9BF2429A61C000D7165 /* CYDemoProtobufUITests.swift */,
				A855A9C12429A61C000D7165 /* Info.plist */,
			);
			path = CYDemoProtobufUITests;
			sourceTree = "<group>";
		};
		A9844223BC559E7E41B197A8 /* Frameworks */ = {
			isa = PBXGroup;
			children = (
				69BD6AEFF4DD3E2854320C8E /* Pods_CYDemoProtobuf.framework */,
				1EA04E1CBCA2963AE66D6CF7 /* Pods_CYDemoProtobuf_CYDemoProtobufUITests.framework */,
				5B11148D401DDDF551146CC6 /* Pods_CYDemoProtobufTests.framework */,
			);
			name = Frameworks;
			sourceTree = "<group>";
		};
/* End PBXGroup section */

/* Begin PBXNativeTarget section */
		A855A9992429A61A000D7165 /* CYDemoProtobuf */ = {
			isa = PBXNativeTarget;
			buildConfigurationList = A855A9C42429A61C000D7165 /* Build configuration list for PBXNativeTarget "CYDemoProtobuf" */;
			buildPhases = (
				7261523A87AD9F5775EEB87A /* [CP] Check Pods Manifest.lock */,
				A855A9962429A61A000D7165 /* Sources */,
				A855A9972429A61A000D7165 /* Frameworks */,
				A855A9982429A61A000D7165 /* Resources */,
				7FCDF5017B8856A9D1A4D4DB /* [CP] Embed Pods Frameworks */,
			);
			buildRules = (
			);
			dependencies = (
			);
			name = CYDemoProtobuf;
			productName = CYDemoProtobuf;
			productReference = A855A99A2429A61A000D7165 /* CYDemoProtobuf.app */;
			productType = "com.apple.product-type.application";
		};
		A855A9AF2429A61C000D7165 /* CYDemoProtobufTests */ = {
			isa = PBXNativeTarget;
			buildConfigurationList = A855A9C72429A61C000D7165 /* Build configuration list for PBXNativeTarget "CYDemoProtobufTests" */;
			buildPhases = (
				0290DC968481E1757593C9D6 /* [CP] Check Pods Manifest.lock */,
				A855A9AC2429A61C000D7165 /* Sources */,
				A855A9AD2429A61C000D7165 /* Frameworks */,
				A855A9AE2429A61C000D7165 /* Resources */,
			);
			buildRules = (
			);
			dependencies = (
				A855A9B22429A61C000D7165 /* PBXTargetDependency */,
			);
			name = CYDemoProtobufTests;
			productName = CYDemoProtobufTests;
			productReference = A855A9B02429A61C000D7165 /* CYDemoProtobufTests.xctest */;
			productType = "com.apple.product-type.bundle.unit-test";
		};
		A855A9BA2429A61C000D7165 /* CYDemoProtobufUITests */ = {
			isa = PBXNativeTarget;
			buildConfigurationList = A855A9CA2429A61C000D7165 /* Build configuration list for PBXNativeTarget "CYDemoProtobufUITests" */;
			buildPhases = (
				40A4C3719C29A7D5BD39A85A /* [CP] Check Pods Manifest.lock */,
				A855A9B72429A61C000D7165 /* Sources */,
				A855A9B82429A61C000D7165 /* Frameworks */,
				A855A9B92429A61C000D7165 /* Resources */,
				404E3C12F4F973454048ADA2 /* [CP] Embed Pods Frameworks */,
			);
			buildRules = (
			);
			dependencies = (
				A855A9BD2429A61C000D7165 /* PBXTargetDependency */,
			);
			name = CYDemoProtobufUITests;
			productName = CYDemoProtobufUITests;
			productReference = A855A9BB2429A61C000D7165 /* CYDemoProtobufUITests.xctest */;
			productType = "com.apple.product-type.bundle.ui-testing";
		};
/* End PBXNativeTarget section */

/* Begin PBXProject section */
		A855A9922429A61A000D7165 /* Project object */ = {
			isa = PBXProject;
			attributes = {
				LastSwiftUpdateCheck = 1130;
				LastUpgradeCheck = 1130;
				ORGANIZATIONNAME = carson;
				TargetAttributes = {
					A855A9992429A61A000D7165 = {
						CreatedOnToolsVersion = 11.3.1;
					};
					A855A9AF2429A61C000D7165 = {
						CreatedOnToolsVersion = 11.3.1;
						TestTargetID = A855A9992429A61A000D7165;
					};
					A855A9BA2429A61C000D7165 = {
						CreatedOnToolsVersion = 11.3.1;
						TestTargetID = A855A9992429A61A000D7165;
					};
				};
			};
			buildConfigurationList = A855A9952429A61A000D7165 /* Build configuration list for PBXProject "CYDemoProtobuf" */;
			compatibilityVersion = "Xcode 9.3";
			developmentRegion = en;
			hasScannedForEncodings = 0;
			knownRegions = (
				en,
				Base,
			);
			mainGroup = A855A9912429A61A000D7165;
			productRefGroup = A855A99B2429A61A000D7165 /* Products */;
			projectDirPath = "";
			projectRoot = "";
			targets = (
				A855A9992429A61A000D7165 /* CYDemoProtobuf */,
				A855A9AF2429A61C000D7165 /* CYDemoProtobufTests */,
				A855A9BA2429A61C000D7165 /* CYDemoProtobufUITests */,
			);
		};
/* End PBXProject section */

/* Begin PBXResourcesBuildPhase section */
		A855A9982429A61A000D7165 /* Resources */ = {
			isa = PBXResourcesBuildPhase;
			buildActionMask = 2147483647;
			files = (
				A855A9AA2429A61C000D7165 /* LaunchScreen.storyboard in Resources */,
				A855A9A72429A61C000D7165 /* Assets.xcassets in Resources */,
				A855A9A52429A61A000D7165 /* Main.storyboard in Resources */,
			);
			runOnlyForDeploymentPostprocessing = 0;
		};
		A855A9AE2429A61C000D7165 /* Resources */ = {
			isa = PBXResourcesBuildPhase;
			buildActionMask = 2147483647;
			files = (
			);
			runOnlyForDeploymentPostprocessing = 0;
		};
		A855A9B92429A61C000D7165 /* Resources */ = {
			isa = PBXResourcesBuildPhase;
			buildActionMask = 2147483647;
			files = (
			);
			runOnlyForDeploymentPostprocessing = 0;
		};
/* End PBXResourcesBuildPhase section */

/* Begin PBXShellScriptBuildPhase section */
		0290DC968481E1757593C9D6 /* [CP] Check Pods Manifest.lock */ = {
			isa = PBXShellScriptBuildPhase;
			buildActionMask = 2147483647;
			files = (
			);
			inputFileListPaths = (
			);
			inputPaths = (
				"${PODS_PODFILE_DIR_PATH}/Podfile.lock",
				"${PODS_ROOT}/Manifest.lock",
			);
			name = "[CP] Check Pods Manifest.lock";
			outputFileListPaths = (
			);
			outputPaths = (
				"$(DERIVED_FILE_DIR)/Pods-CYDemoProtobufTests-checkManifestLockResult.txt",
			);
			runOnlyForDeploymentPostprocessing = 0;
			shellPath = /bin/sh;
			shellScript = "diff \"${PODS_PODFILE_DIR_PATH}/Podfile.lock\" \"${PODS_ROOT}/Manifest.lock\" > /dev/null\nif [ $? != 0 ] ; then\n    # print error to STDERR\n    echo \"error: The sandbox is not in sync with the Podfile.lock. Run 'pod install' or update your CocoaPods installation.\" >&2\n    exit 1\nfi\n# This output is used by Xcode 'outputs' to avoid re-running this script phase.\necho \"SUCCESS\" > \"${SCRIPT_OUTPUT_FILE_0}\"\n";
			showEnvVarsInLog = 0;
		};
		404E3C12F4F973454048ADA2 /* [CP] Embed Pods Frameworks */ = {
			isa = PBXShellScriptBuildPhase;
			buildActionMask = 2147483647;
			files = (
			);
			inputFileListPaths = (
				"${PODS_ROOT}/Target Support Files/Pods-CYDemoProtobuf-CYDemoProtobufUITests/Pods-CYDemoProtobuf-CYDemoProtobufUITests-frameworks-${CONFIGURATION}-input-files.xcfilelist",
			);
			name = "[CP] Embed Pods Frameworks";
			outputFileListPaths = (
				"${PODS_ROOT}/Target Support Files/Pods-CYDemoProtobuf-CYDemoProtobufUITests/Pods-CYDemoProtobuf-CYDemoProtobufUITests-frameworks-${CONFIGURATION}-output-files.xcfilelist",
			);
			runOnlyForDeploymentPostprocessing = 0;
			shellPath = /bin/sh;
			shellScript = "\"${PODS_ROOT}/Target Support Files/Pods-CYDemoProtobuf-CYDemoProtobufUITests/Pods-CYDemoProtobuf-CYDemoProtobufUITests-frameworks.sh\"\n";
			showEnvVarsInLog = 0;
		};
		40A4C3719C29A7D5BD39A85A /* [CP] Check Pods Manifest.lock */ = {
			isa = PBXShellScriptBuildPhase;
			buildActionMask = 2147483647;
			files = (
			);
			inputFileListPaths = (
			);
			inputPaths = (
				"${PODS_PODFILE_DIR_PATH}/Podfile.lock",
				"${PODS_ROOT}/Manifest.lock",
			);
			name = "[CP] Check Pods Manifest.lock";
			outputFileListPaths = (
			);
			outputPaths = (
				"$(DERIVED_FILE_DIR)/Pods-CYDemoProtobuf-CYDemoProtobufUITests-checkManifestLockResult.txt",
			);
			runOnlyForDeploymentPostprocessing = 0;
			shellPath = /bin/sh;
			shellScript = "diff \"${PODS_PODFILE_DIR_PATH}/Podfile.lock\" \"${PODS_ROOT}/Manifest.lock\" > /dev/null\nif [ $? != 0 ] ; then\n    # print error to STDERR\n    echo \"error: The sandbox is not in sync with the Podfile.lock. Run 'pod install' or update your CocoaPods installation.\" >&2\n    exit 1\nfi\n# This output is used by Xcode 'outputs' to avoid re-running this script phase.\necho \"SUCCESS\" > \"${SCRIPT_OUTPUT_FILE_0}\"\n";
			showEnvVarsInLog = 0;
		};
		7261523A87AD9F5775EEB87A /* [CP] Check Pods Manifest.lock */ = {
			isa = PBXShellScriptBuildPhase;
			buildActionMask = 2147483647;
			files = (
			);
			inputFileListPaths = (
			);
			inputPaths = (
				"${PODS_PODFILE_DIR_PATH}/Podfile.lock",
				"${PODS_ROOT}/Manifest.lock",
			);
			name = "[CP] Check Pods Manifest.lock";
			outputFileListPaths = (
			);
			outputPaths = (
				"$(DERIVED_FILE_DIR)/Pods-CYDemoProtobuf-checkManifestLockResult.txt",
			);
			runOnlyForDeploymentPostprocessing = 0;
			shellPath = /bin/sh;
			shellScript = "diff \"${PODS_PODFILE_DIR_PATH}/Podfile.lock\" \"${PODS_ROOT}/Manifest.lock\" > /dev/null\nif [ $? != 0 ] ; then\n    # print error to STDERR\n    echo \"error: The sandbox is not in sync with the Podfile.lock. Run 'pod install' or update your CocoaPods installation.\" >&2\n    exit 1\nfi\n# This output is used by Xcode 'outputs' to avoid re-running this script phase.\necho \"SUCCESS\" > \"${SCRIPT_OUTPUT_FILE_0}\"\n";
			showEnvVarsInLog = 0;
		};
		7FCDF5017B8856A9D1A4D4DB /* [CP] Embed Pods Frameworks */ = {
			isa = PBXShellScriptBuildPhase;
			buildActionMask = 2147483647;
			files = (
			);
			inputFileListPaths = (
				"${PODS_ROOT}/Target Support Files/Pods-CYDemoProtobuf/Pods-CYDemoProtobuf-frameworks-${CONFIGURATION}-input-files.xcfilelist",
			);
			name = "[CP] Embed Pods Frameworks";
			outputFileListPaths = (
				"${PODS_ROOT}/Target Support Files/Pods-CYDemoProtobuf/Pods-CYDemoProtobuf-frameworks-${CONFIGURATION}-output-files.xcfilelist",
			);
			runOnlyForDeploymentPostprocessing = 0;
			shellPath = /bin/sh;
			shellScript = "\"${PODS_ROOT}/Target Support Files/Pods-CYDemoProtobuf/Pods-CYDemoProtobuf-frameworks.sh\"\n";
			showEnvVarsInLog = 0;
		};
/* End PBXShellScriptBuildPhase section */

/* Begin PBXSourcesBuildPhase section */
		A855A9962429A61A000D7165 /* Sources */ = {
			isa = PBXSourcesBuildPhase;
			buildActionMask = 2147483647;
			files = (
				A855A9A22429A61A000D7165 /* ViewController.swift in Sources */,
				A855A99E2429A61A000D7165 /* AppDelegate.swift in Sources */,
				A855AA1C2429AF2F000D7165 /* Person.proto.swift in Sources */,
				A855AA192429AF2F000D7165 /* Person.proto in Sources */,
			);
			runOnlyForDeploymentPostprocessing = 0;
		};
		A855A9AC2429A61C000D7165 /* Sources */ = {
			isa = PBXSourcesBuildPhase;
			buildActionMask = 2147483647;
			files = (
				A855A9B52429A61C000D7165 /* CYDemoProtobufTests.swift in Sources */,
				A855AA1D2429AF2F000D7165 /* Person.proto.swift in Sources */,
				A855AA1A2429AF2F000D7165 /* Person.proto in Sources */,
			);
			runOnlyForDeploymentPostprocessing = 0;
		};
		A855A9B72429A61C000D7165 /* Sources */ = {
			isa = PBXSourcesBuildPhase;
			buildActionMask = 2147483647;
			files = (
				A855A9C02429A61C000D7165 /* CYDemoProtobufUITests.swift in Sources */,
				A855AA1E2429AF2F000D7165 /* Person.proto.swift in Sources */,
				A855AA1B2429AF2F000D7165 /* Person.proto in Sources */,
			);
			runOnlyForDeploymentPostprocessing = 0;
		};
/* End PBXSourcesBuildPhase section */

/* Begin PBXTargetDependency section */
		A855A9B22429A61C000D7165 /* PBXTargetDependency */ = {
			isa = PBXTargetDependency;
			target = A855A9992429A61A000D7165 /* CYDemoProtobuf */;
			targetProxy = A855A9B12429A61C000D7165 /* PBXContainerItemProxy */;
		};
		A855A9BD2429A61C000D7165 /* PBXTargetDependency */ = {
			isa = PBXTargetDependency;
			target = A855A9992429A61A000D7165 /* CYDemoProtobuf */;
			targetProxy = A855A9BC2429A61C000D7165 /* PBXContainerItemProxy */;
		};
/* End PBXTargetDependency section */

/* Begin PBXVariantGroup section */
		A855A9A32429A61A000D7165 /* Main.storyboard */ = {
			isa = PBXVariantGroup;
			children = (
				A855A9A42429A61A000D7165 /* Base */,
			);
			name = Main.storyboard;
			sourceTree = "<group>";
		};
		A855A9A82429A61C000D7165 /* LaunchScreen.storyboard */ = {
			isa = PBXVariantGroup;
			children = (
				A855A9A92429A61C000D7165 /* Base */,
			);
			name = LaunchScreen.storyboard;
			sourceTree = "<group>";
		};
/* End PBXVariantGroup section */

/* Begin XCBuildConfiguration section */
		A855A9C22429A61C000D7165 /* Debug */ = {
			isa = XCBuildConfiguration;
			buildSettings = {
				ALWAYS_SEARCH_USER_PATHS = NO;
				CLANG_ANALYZER_NONNULL = YES;
				CLANG_ANALYZER_NUMBER_OBJECT_CONVERSION = YES_AGGRESSIVE;
				CLANG_CXX_LANGUAGE_STANDARD = "gnu++14";
				CLANG_CXX_LIBRARY = "libc++";
				CLANG_ENABLE_MODULES = YES;
				CLANG_ENABLE_OBJC_ARC = YES;
				CLANG_ENABLE_OBJC_WEAK = YES;
				CLANG_WARN_BLOCK_CAPTURE_AUTORELEASING = YES;
				CLANG_WARN_BOOL_CONVERSION = YES;
				CLANG_WARN_COMMA = YES;
				CLANG_WARN_CONSTANT_CONVERSION = YES;
				CLANG_WARN_DEPRECATED_OBJC_IMPLEMENTATIONS = YES;
				CLANG_WARN_DIRECT_OBJC_ISA_USAGE = YES_ERROR;
				CLANG_WARN_DOCUMENTATION_COMMENTS = YES;
				CLANG_WARN_EMPTY_BODY = YES;
				CLANG_WARN_ENUM_CONVERSION = YES;
				CLANG_WARN_INFINITE_RECURSION = YES;
				CLANG_WARN_INT_CONVERSION = YES;
				CLANG_WARN_NON_LITERAL_NULL_CONVERSION = YES;
				CLANG_WARN_OBJC_IMPLICIT_RETAIN_SELF = YES;
				CLANG_WARN_OBJC_LITERAL_CONVERSION = YES;
				CLANG_WARN_OBJC_ROOT_CLASS = YES_ERROR;
				CLANG_WARN_RANGE_LOOP_ANALYSIS = YES;
				CLANG_WARN_STRICT_PROTOTYPES = YES;
				CLANG_WARN_SUSPICIOUS_MOVE = YES;
				CLANG_WARN_UNGUARDED_AVAILABILITY = YES_AGGRESSIVE;
				CLANG_WARN_UNREACHABLE_CODE = YES;
				CLANG_WARN__DUPLICATE_METHOD_MATCH = YES;
				COPY_PHASE_STRIP = NO;
				DEBUG_INFORMATION_FORMAT = dwarf;
				ENABLE_STRICT_OBJC_MSGSEND = YES;
				ENABLE_TESTABILITY = YES;
				GCC_C_LANGUAGE_STANDARD = gnu11;
				GCC_DYNAMIC_NO_PIC = NO;
				GCC_NO_COMMON_BLOCKS = YES;
				GCC_OPTIMIZATION_LEVEL = 0;
				GCC_PREPROCESSOR_DEFINITIONS = (
					"DEBUG=1",
					"$(inherited)",
				);
				GCC_WARN_64_TO_32_BIT_CONVERSION = YES;
				GCC_WARN_ABOUT_RETURN_TYPE = YES_ERROR;
				GCC_WARN_UNDECLARED_SELECTOR = YES;
				GCC_WARN_UNINITIALIZED_AUTOS = YES_AGGRESSIVE;
				GCC_WARN_UNUSED_FUNCTION = YES;
				GCC_WARN_UNUSED_VARIABLE = YES;
				IPHONEOS_DEPLOYMENT_TARGET = 10.0;
				MTL_ENABLE_DEBUG_INFO = INCLUDE_SOURCE;
				MTL_FAST_MATH = YES;
				ONLY_ACTIVE_ARCH = YES;
				SDKROOT = iphoneos;
				SWIFT_ACTIVE_COMPILATION_CONDITIONS = DEBUG;
				SWIFT_OPTIMIZATION_LEVEL = "-Onone";
			};
			name = Debug;
		};
		A855A9C32429A61C000D7165 /* Release */ = {
			isa = XCBuildConfiguration;
			buildSettings = {
				ALWAYS_SEARCH_USER_PATHS = NO;
				CLANG_ANALYZER_NONNULL = YES;
				CLANG_ANALYZER_NUMBER_OBJECT_CONVERSION = YES_AGGRESSIVE;
				CLANG_CXX_LANGUAGE_STANDARD = "gnu++14";
				CLANG_CXX_LIBRARY = "libc++";
				CLANG_ENABLE_MODULES = YES;
				CLANG_ENABLE_OBJC_ARC = YES;
				CLANG_ENABLE_OBJC_WEAK = YES;
				CLANG_WARN_BLOCK_CAPTURE_AUTORELEASING = YES;
				CLANG_WARN_BOOL_CONVERSION = YES;
				CLANG_WARN_COMMA = YES;
				CLANG_WARN_CONSTANT_CONVERSION = YES;
				CLANG_WARN_DEPRECATED_OBJC_IMPLEMENTATIONS = YES;
				CLANG_WARN_DIRECT_OBJC_ISA_USAGE = YES_ERROR;
				CLANG_WARN_DOCUMENTATION_COMMENTS = YES;
				CLANG_WARN_EMPTY_BODY = YES;
				CLANG_WARN_ENUM_CONVERSION = YES;
				CLANG_WARN_INFINITE_RECURSION = YES;
				CLANG_WARN_INT_CONVERSION = YES;
				CLANG_WARN_NON_LITERAL_NULL_CONVERSION = YES;
				CLANG_WARN_OBJC_IMPLICIT_RETAIN_SELF = YES;
				CLANG_WARN_OBJC_LITERAL_CONVERSION = YES;
				CLANG_WARN_OBJC_ROOT_CLASS = YES_ERROR;
				CLANG_WARN_RANGE_LOOP_ANALYSIS = YES;
				CLANG_WARN_STRICT_PROTOTYPES = YES;
				CLANG_WARN_SUSPICIOUS_MOVE = YES;
				CLANG_WARN_UNGUARDED_AVAILABILITY = YES_AGGRESSIVE;
				CLANG_WARN_UNREACHABLE_CODE = YES;
				CLANG_WARN__DUPLICATE_METHOD_MATCH = YES;
				COPY_PHASE_STRIP = NO;
				DEBUG_INFORMATION_FORMAT = "dwarf-with-dsym";
				ENABLE_NS_ASSERTIONS = NO;
				ENABLE_STRICT_OBJC_MSGSEND = YES;
				GCC_C_LANGUAGE_STANDARD = gnu11;
				GCC_NO_COMMON_BLOCKS = YES;
				GCC_WARN_64_TO_32_BIT_CONVERSION = YES;
				GCC_WARN_ABOUT_RETURN_TYPE = YES_ERROR;
				GCC_WARN_UNDECLARED_SELECTOR = YES;
				GCC_WARN_UNINITIALIZED_AUTOS = YES_AGGRESSIVE;
				GCC_WARN_UNUSED_FUNCTION = YES;
				GCC_WARN_UNUSED_VARIABLE = YES;
				IPHONEOS_DEPLOYMENT_TARGET = 10.0;
				MTL_ENABLE_DEBUG_INFO = NO;
				MTL_FAST_MATH = YES;
				SDKROOT = iphoneos;
				SWIFT_COMPILATION_MODE = wholemodule;
				SWIFT_OPTIMIZATION_LEVEL = "-O";
				VALIDATE_PRODUCT = YES;
			};
			name = Release;
		};
		A855A9C52429A61C000D7165 /* Debug */ = {
			isa = XCBuildConfiguration;
			baseConfigurationReference = 9A77FFC63D1725D123FDA691 /* Pods-CYDemoProtobuf.debug.xcconfig */;
			buildSettings = {
				ASSETCATALOG_COMPILER_APPICON_NAME = AppIcon;
				CODE_SIGN_STYLE = Automatic;
				INFOPLIST_FILE = CYDemoProtobuf/Info.plist;
				LD_RUNPATH_SEARCH_PATHS = (
					"$(inherited)",
					"@executable_path/Frameworks",
				);
				PRODUCT_BUNDLE_IDENTIFIER = com.carson.www.CYDemoProtobuf;
				PRODUCT_NAME = "$(TARGET_NAME)";
				SWIFT_VERSION = 5.0;
				TARGETED_DEVICE_FAMILY = "1,2";
			};
			name = Debug;
		};
		A855A9C62429A61C000D7165 /* Release */ = {
			isa = XCBuildConfiguration;
			baseConfigurationReference = 1783028D5CB52207558E399C /* Pods-CYDemoProtobuf.release.xcconfig */;
			buildSettings = {
				ASSETCATALOG_COMPILER_APPICON_NAME = AppIcon;
				CODE_SIGN_STYLE = Automatic;
				INFOPLIST_FILE = CYDemoProtobuf/Info.plist;
				LD_RUNPATH_SEARCH_PATHS = (
					"$(inherited)",
					"@executable_path/Frameworks",
				);
				PRODUCT_BUNDLE_IDENTIFIER = com.carson.www.CYDemoProtobuf;
				PRODUCT_NAME = "$(TARGET_NAME)";
				SWIFT_VERSION = 5.0;
				TARGETED_DEVICE_FAMILY = "1,2";
			};
			name = Release;
		};
		A855A9C82429A61C000D7165 /* Debug */ = {
			isa = XCBuildConfiguration;
			baseConfigurationReference = C0ADBF62AE728838E5D1112D /* Pods-CYDemoProtobufTests.debug.xcconfig */;
			buildSettings = {
				BUNDLE_LOADER = "$(TEST_HOST)";
				CODE_SIGN_STYLE = Automatic;
				INFOPLIST_FILE = CYDemoProtobufTests/Info.plist;
				IPHONEOS_DEPLOYMENT_TARGET = 13.2;
				LD_RUNPATH_SEARCH_PATHS = (
					"$(inherited)",
					"@executable_path/Frameworks",
					"@loader_path/Frameworks",
				);
				PRODUCT_BUNDLE_IDENTIFIER = com.carson.www.CYDemoProtobufTests;
				PRODUCT_NAME = "$(TARGET_NAME)";
				SWIFT_VERSION = 5.0;
				TARGETED_DEVICE_FAMILY = "1,2";
				TEST_HOST = "$(BUILT_PRODUCTS_DIR)/CYDemoProtobuf.app/CYDemoProtobuf";
			};
			name = Debug;
		};
		A855A9C92429A61C000D7165 /* Release */ = {
			isa = XCBuildConfiguration;
			baseConfigurationReference = 0D4AE9967F51A1C1992FAD14 /* Pods-CYDemoProtobufTests.release.xcconfig */;
			buildSettings = {
				BUNDLE_LOADER = "$(TEST_HOST)";
				CODE_SIGN_STYLE = Automatic;
				INFOPLIST_FILE = CYDemoProtobufTests/Info.plist;
				IPHONEOS_DEPLOYMENT_TARGET = 13.2;
				LD_RUNPATH_SEARCH_PATHS = (
					"$(inherited)",
					"@executable_path/Frameworks",
					"@loader_path/Frameworks",
				);
				PRODUCT_BUNDLE_IDENTIFIER = com.carson.www.CYDemoProtobufTests;
				PRODUCT_NAME = "$(TARGET_NAME)";
				SWIFT_VERSION = 5.0;
				TARGETED_DEVICE_FAMILY = "1,2";
				TEST_HOST = "$(BUILT_PRODUCTS_DIR)/CYDemoProtobuf.app/CYDemoProtobuf";
			};
			name = Release;
		};
		A855A9CB2429A61C000D7165 /* Debug */ = {
			isa = XCBuildConfiguration;
			baseConfigurationReference = EAB0E70F112D7E2DBA916345 /* Pods-CYDemoProtobuf-CYDemoProtobufUITests.debug.xcconfig */;
			buildSettings = {
				CODE_SIGN_STYLE = Automatic;
				INFOPLIST_FILE = CYDemoProtobufUITests/Info.plist;
				LD_RUNPATH_SEARCH_PATHS = (
					"$(inherited)",
					"@executable_path/Frameworks",
					"@loader_path/Frameworks",
				);
				PRODUCT_BUNDLE_IDENTIFIER = com.carson.www.CYDemoProtobufUITests;
				PRODUCT_NAME = "$(TARGET_NAME)";
				SWIFT_VERSION = 5.0;
				TARGETED_DEVICE_FAMILY = "1,2";
				TEST_TARGET_NAME = CYDemoProtobuf;
			};
			name = Debug;
		};
		A855A9CC2429A61C000D7165 /* Release */ = {
			isa = XCBuildConfiguration;
			baseConfigurationReference = DE7D7D7C0AF0657C7249CBEB /* Pods-CYDemoProtobuf-CYDemoProtobufUITests.release.xcconfig */;
			buildSettings = {
				CODE_SIGN_STYLE = Automatic;
				INFOPLIST_FILE = CYDemoProtobufUITests/Info.plist;
				LD_RUNPATH_SEARCH_PATHS = (
					"$(inherited)",
					"@executable_path/Frameworks",
					"@loader_path/Frameworks",
				);
				PRODUCT_BUNDLE_IDENTIFIER = com.carson.www.CYDemoProtobufUITests;
				PRODUCT_NAME = "$(TARGET_NAME)";
				SWIFT_VERSION = 5.0;
				TARGETED_DEVICE_FAMILY = "1,2";
				TEST_TARGET_NAME = CYDemoProtobuf;
			};
			name = Release;
		};
/* End XCBuildConfiguration section */

/* Begin XCConfigurationList section */
		A855A9952429A61A000D7165 /* Build configuration list for PBXProject "CYDemoProtobuf" */ = {
			isa = XCConfigurationList;
			buildConfigurations = (
				A855A9C22429A61C000D7165 /* Debug */,
				A855A9C32429A61C000D7165 /* Release */,
			);
			defaultConfigurationIsVisible = 0;
			defaultConfigurationName = Release;
		};
		A855A9C42429A61C000D7165 /* Build configuration list for PBXNativeTarget "CYDemoProtobuf" */ = {
			isa = XCConfigurationList;
			buildConfigurations = (
				A855A9C52429A61C000D7165 /* Debug */,
				A855A9C62429A61C000D7165 /* Release */,
			);
			defaultConfigurationIsVisible = 0;
			defaultConfigurationName = Release;
		};
		A855A9C72429A61C000D7165 /* Build configuration list for PBXNativeTarget "CYDemoProtobufTests" */ = {
			isa = XCConfigurationList;
			buildConfigurations = (
				A855A9C82429A61C000D7165 /* Debug */,
				A855A9C92429A61C000D7165 /* Release */,
			);
			defaultConfigurationIsVisible = 0;
			defaultConfigurationName = Release;
		};
		A855A9CA2429A61C000D7165 /* Build configuration list for PBXNativeTarget "CYDemoProtobufUITests" */ = {
			isa = XCConfigurationList;
			buildConfigurations = (
				A855A9CB2429A61C000D7165 /* Debug */,
				A855A9CC2429A61C000D7165 /* Release */,
			);
			defaultConfigurationIsVisible = 0;
			defaultConfigurationName = Release;
		};
/* End XCConfigurationList section */
	};
	rootObject = A855A9922429A61A000D7165 /* Project object */;
}
